
Microsoft Visual Studio Solution File, Format Version 12.00
Project("{FAE04EC0-301F-11D3-BF4B-00C04F79EFBC}") = "Hotelio.Booking.Service", "Hotelio.Booking.Service\Hotelio.Booking.Service.csproj", "{2BBFCE70-1A23-4C89-B45A-8BAD52569537}"
EndProject
Project("{FAE04EC0-301F-11D3-BF4B-00C04F79EFBC}") = "Hotelio.ServiceDefaults", "Hotelio.ServiceDefaults\Hotelio.ServiceDefaults.csproj", "{D6BC027B-235C-46D3-9E58-AEFBB811FE31}"
EndProject
Project("{FAE04EC0-301F-11D3-BF4B-00C04F79EFBC}") = "Hotelio.Booking.Migrations", "Hotelio.Booking.Migrations\Hotelio.Booking.Migrations.csproj", "{26206C01-6410-426B-A333-DE41AEA0920E}"
EndProject
Project("{FAE04EC0-301F-11D3-BF4B-00C04F79EFBC}") = "Hotelio.Booking.AppHost", "Hotelio.Booking.AppHost\Hotelio.Booking.AppHost.csproj", "{79D25B5F-7FAB-425E-9F35-876A385DEF0C}"
EndProject
Project("{FAE04EC0-301F-11D3-BF4B-00C04F79EFBC}") = "Hotelio.Booking.Statistics", "Hotelio.Booking.Statistics\Hotelio.Booking.Statistics.csproj", "{434D79DA-1494-49AF-A8DB-CF0AF376ECF2}"
EndProject
Project("{2150E333-8FDC-42A3-9474-1A3956D46DE8}") = "BookingService", "BookingService", "{C402F750-E2A2-49FE-83AB-93DE42E701E1}"
EndProject
Project("{2150E333-8FDC-42A3-9474-1A3956D46DE8}") = "BookingStatistics", "BookingStatistics", "{D44DB754-10A5-46A9-A4C5-BE8C04742F92}"
EndProject
Project("{FAE04EC0-301F-11D3-BF4B-00C04F79EFBC}") = "Hotelio.Booking.IntegrationEvents", "Hotelio.Booking.IntegrationEvents\Hotelio.Booking.IntegrationEvents.csproj", "{12E62950-6FCD-470C-AA97-62C7FDE8CB95}"
EndProject
Project("{FAE04EC0-301F-11D3-BF4B-00C04F79EFBC}") = "Hotelio.Booking.Statistics.Migrations", "Hotelio.Booking.Statistics.Migrations\Hotelio.Booking.Statistics.Migrations.csproj", "{3E3C1A60-C874-4A3B-B054-2BAA18416C66}"
EndProject
Global
	GlobalSection(SolutionConfigurationPlatforms) = preSolution
		Debug|Any CPU = Debug|Any CPU
		Release|Any CPU = Release|Any CPU
	EndGlobalSection
	GlobalSection(ProjectConfigurationPlatforms) = postSolution
		{2BBFCE70-1A23-4C89-B45A-8BAD52569537}.Debug|Any CPU.ActiveCfg = Debug|Any CPU
		{2BBFCE70-1A23-4C89-B45A-8BAD52569537}.Debug|Any CPU.Build.0 = Debug|Any CPU
		{2BBFCE70-1A23-4C89-B45A-8BAD52569537}.Release|Any CPU.ActiveCfg = Release|Any CPU
		{2BBFCE70-1A23-4C89-B45A-8BAD52569537}.Release|Any CPU.Build.0 = Release|Any CPU
		{D6BC027B-235C-46D3-9E58-AEFBB811FE31}.Debug|Any CPU.ActiveCfg = Debug|Any CPU
		{D6BC027B-235C-46D3-9E58-AEFBB811FE31}.Debug|Any CPU.Build.0 = Debug|Any CPU
		{D6BC027B-235C-46D3-9E58-AEFBB811FE31}.Release|Any CPU.ActiveCfg = Release|Any CPU
		{D6BC027B-235C-46D3-9E58-AEFBB811FE31}.Release|Any CPU.Build.0 = Release|Any CPU
		{26206C01-6410-426B-A333-DE41AEA0920E}.Debug|Any CPU.ActiveCfg = Debug|Any CPU
		{26206C01-6410-426B-A333-DE41AEA0920E}.Debug|Any CPU.Build.0 = Debug|Any CPU
		{26206C01-6410-426B-A333-DE41AEA0920E}.Release|Any CPU.ActiveCfg = Release|Any CPU
		{26206C01-6410-426B-A333-DE41AEA0920E}.Release|Any CPU.Build.0 = Release|Any CPU
		{79D25B5F-7FAB-425E-9F35-876A385DEF0C}.Debug|Any CPU.ActiveCfg = Debug|Any CPU
		{79D25B5F-7FAB-425E-9F35-876A385DEF0C}.Debug|Any CPU.Build.0 = Debug|Any CPU
		{79D25B5F-7FAB-425E-9F35-876A385DEF0C}.Release|Any CPU.ActiveCfg = Release|Any CPU
		{79D25B5F-7FAB-425E-9F35-876A385DEF0C}.Release|Any CPU.Build.0 = Release|Any CPU
		{434D79DA-1494-49AF-A8DB-CF0AF376ECF2}.Debug|Any CPU.ActiveCfg = Debug|Any CPU
		{434D79DA-1494-49AF-A8DB-CF0AF376ECF2}.Debug|Any CPU.Build.0 = Debug|Any CPU
		{434D79DA-1494-49AF-A8DB-CF0AF376ECF2}.Release|Any CPU.ActiveCfg = Release|Any CPU
		{434D79DA-1494-49AF-A8DB-CF0AF376ECF2}.Release|Any CPU.Build.0 = Release|Any CPU
		{12E62950-6FCD-470C-AA97-62C7FDE8CB95}.Debug|Any CPU.ActiveCfg = Debug|Any CPU
		{12E62950-6FCD-470C-AA97-62C7FDE8CB95}.Debug|Any CPU.Build.0 = Debug|Any CPU
		{12E62950-6FCD-470C-AA97-62C7FDE8CB95}.Release|Any CPU.ActiveCfg = Release|Any CPU
		{12E62950-6FCD-470C-AA97-62C7FDE8CB95}.Release|Any CPU.Build.0 = Release|Any CPU
		{3E3C1A60-C874-4A3B-B054-2BAA18416C66}.Debug|Any CPU.ActiveCfg = Debug|Any CPU
		{3E3C1A60-C874-4A3B-B054-2BAA18416C66}.Debug|Any CPU.Build.0 = Debug|Any CPU
		{3E3C1A60-C874-4A3B-B054-2BAA18416C66}.Release|Any CPU.ActiveCfg = Release|Any CPU
		{3E3C1A60-C874-4A3B-B054-2BAA18416C66}.Release|Any CPU.Build.0 = Release|Any CPU
	EndGlobalSection
	GlobalSection(NestedProjects) = preSolution
		{26206C01-6410-426B-A333-DE41AEA0920E} = {C402F750-E2A2-49FE-83AB-93DE42E701E1}
		{2BBFCE70-1A23-4C89-B45A-8BAD52569537} = {C402F750-E2A2-49FE-83AB-93DE42E701E1}
		{434D79DA-1494-49AF-A8DB-CF0AF376ECF2} = {D44DB754-10A5-46A9-A4C5-BE8C04742F92}
		{12E62950-6FCD-470C-AA97-62C7FDE8CB95} = {C402F750-E2A2-49FE-83AB-93DE42E701E1}
		{3E3C1A60-C874-4A3B-B054-2BAA18416C66} = {D44DB754-10A5-46A9-A4C5-BE8C04742F92}
	EndGlobalSection
EndGlobal
